
Microsoft Visual Studio Solution File, Format Version 12.00
# Visual Studio Version 16
VisualStudioVersion = 16.0.29102.190
MinimumVisualStudioVersion = 10.0.40219.1
Project("{34036844-64E7-43A5-9151-4AD90E180989}") = "IoTLab", "IoTLab\IoTLab.iotedgeproj", "{36880924-3645-45C2-92D3-7153789DA23B}"
EndProject
Project("{9A19103F-16F7-4668-BE54-9A1E7A4F7556}") = "CSharpModule", "CSharpModule\CSharpModule.csproj", "{C2C903A4-F98A-4D79-93A4-E6C525031923}"
EndProject
Global
	GlobalSection(SolutionConfigurationPlatforms) = preSolution
		Debug|Any CPU = Debug|Any CPU
		Release|Any CPU = Release|Any CPU
	EndGlobalSection
	GlobalSection(ProjectConfigurationPlatforms) = postSolution
		{36880924-3645-45C2-92D3-7153789DA23B}.Debug|Any CPU.ActiveCfg = Debug|Any CPU
		{36880924-3645-45C2-92D3-7153789DA23B}.Debug|Any CPU.Build.0 = Debug|Any CPU
		{36880924-3645-45C2-92D3-7153789DA23B}.Release|Any CPU.ActiveCfg = Release|Any CPU
		{36880924-3645-45C2-92D3-7153789DA23B}.Release|Any CPU.Build.0 = Release|Any CPU
		{C2C903A4-F98A-4D79-93A4-E6C525031923}.Debug|Any CPU.ActiveCfg = Debug|Any CPU
		{C2C903A4-F98A-4D79-93A4-E6C525031923}.Debug|Any CPU.Build.0 = Debug|Any CPU
		{C2C903A4-F98A-4D79-93A4-E6C525031923}.Release|Any CPU.ActiveCfg = Release|Any CPU
		{C2C903A4-F98A-4D79-93A4-E6C525031923}.Release|Any CPU.Build.0 = Release|Any CPU
	EndGlobalSection
	GlobalSection(SolutionProperties) = preSolution
		HideSolutionNode = FALSE
	EndGlobalSection
	GlobalSection(ExtensibilityGlobals) = postSolution
		SolutionGuid = {45DA9532-FE16-42F7-9F23-E73AAC487C13}
	EndGlobalSection
EndGlobal
